// !$*UTF8*$!
{
	archiveVersion = 1;
	classes = {
	};
	objectVersion = 46;
	objects = {

/* Begin PBXBuildFile section */
		B687211A1DA8D2FB00CCB122 /* main.m in Sources */ = {isa = PBXBuildFile; fileRef = B68721191DA8D2FB00CCB122 /* main.m */; };
		B687211D1DA8D2FC00CCB122 /* AppDelegate.m in Sources */ = {isa = PBXBuildFile; fileRef = B687211C1DA8D2FC00CCB122 /* AppDelegate.m */; };
		B68721201DA8D2FC00CCB122 /* ViewController.m in Sources */ = {isa = PBXBuildFile; fileRef = B687211F1DA8D2FC00CCB122 /* ViewController.m */; };
		B68721231DA8D2FC00CCB122 /* Main.storyboard in Resources */ = {isa = PBXBuildFile; fileRef = B68721211DA8D2FC00CCB122 /* Main.storyboard */; };
		B68721251DA8D2FC00CCB122 /* Assets.xcassets in Resources */ = {isa = PBXBuildFile; fileRef = B68721241DA8D2FC00CCB122 /* Assets.xcassets */; };
		B68721281DA8D2FC00CCB122 /* LaunchScreen.storyboard in Resources */ = {isa = PBXBuildFile; fileRef = B68721261DA8D2FC00CCB122 /* LaunchScreen.storyboard */; };
		B68721331DA8D2FC00CCB122 /* pchTests.m in Sources */ = {isa = PBXBuildFile; fileRef = B68721321DA8D2FC00CCB122 /* pchTests.m */; };
		B687213E1DA8D2FD00CCB122 /* pchUITests.m in Sources */ = {isa = PBXBuildFile; fileRef = B687213D1DA8D2FD00CCB122 /* pchUITests.m */; };
		B687214E1DA8DAE400CCB122 /* UIImage+image.m in Sources */ = {isa = PBXBuildFile; fileRef = B687214D1DA8DAE400CCB122 /* UIImage+image.m */; };
		B68721511DA8DFE100CCB122 /* test.c in Sources */ = {isa = PBXBuildFile; fileRef = B687214F1DA8DFE100CCB122 /* test.c */; };
/* End PBXBuildFile section */

/* Begin PBXContainerItemProxy section */
		B687212F1DA8D2FC00CCB122 /* PBXContainerItemProxy */ = {
			isa = PBXContainerItemProxy;
			containerPortal = B687210D1DA8D2FA00CCB122 /* Project object */;
			proxyType = 1;
			remoteGlobalIDString = B68721141DA8D2FB00CCB122;
			remoteInfo = pch;
		};
		B687213A1DA8D2FD00CCB122 /* PBXContainerItemProxy */ = {
			isa = PBXContainerItemProxy;
			containerPortal = B687210D1DA8D2FA00CCB122 /* Project object */;
			proxyType = 1;
			remoteGlobalIDString = B68721141DA8D2FB00CCB122;
			remoteInfo = pch;
		};
/* End PBXContainerItemProxy section */

/* Begin PBXFileReference section */
		B68721151DA8D2FB00CCB122 /* pch.app */ = {isa = PBXFileReference; explicitFileType = wrapper.application; includeInIndex = 0; path = pch.app; sourceTree = BUILT_PRODUCTS_DIR; };
		B68721191DA8D2FB00CCB122 /* main.m */ = {isa = PBXFileReference; lastKnownFileType = sourcecode.c.objc; path = main.m; sourceTree = "<group>"; };
		B687211B1DA8D2FC00CCB122 /* AppDelegate.h */ = {isa = PBXFileReference; lastKnownFileType = sourcecode.c.h; path = AppDelegate.h; sourceTree = "<group>"; };
		B687211C1DA8D2FC00CCB122 /* AppDelegate.m */ = {isa = PBXFileReference; lastKnownFileType = sourcecode.c.objc; path = AppDelegate.m; sourceTree = "<group>"; };
		B687211E1DA8D2FC00CCB122 /* ViewController.h */ = {isa = PBXFileReference; lastKnownFileType = sourcecode.c.h; path = ViewController.h; sourceTree = "<group>"; };
		B687211F1DA8D2FC00CCB122 /* ViewController.m */ = {isa = PBXFileReference; lastKnownFileType = sourcecode.c.objc; path = ViewController.m; sourceTree = "<group>"; };
		B68721221DA8D2FC00CCB122 /* Base */ = {isa = PBXFileReference; lastKnownFileType = file.storyboard; name = Base; path = Base.lproj/Main.storyboard; sourceTree = "<group>"; };
		B68721241DA8D2FC00CCB122 /* Assets.xcassets */ = {isa = PBXFileReference; lastKnownFileType = folder.assetcatalog; path = Assets.xcassets; sourceTree = "<group>"; };
		B68721271DA8D2FC00CCB122 /* Base */ = {isa = PBXFileReference; lastKnownFileType = file.storyboard; name = Base; path = Base.lproj/LaunchScreen.storyboard; sourceTree = "<group>"; };
		B68721291DA8D2FC00CCB122 /* Info.plist */ = {isa = PBXFileReference; lastKnownFileType = text.plist.xml; path = Info.plist; sourceTree = "<group>"; };
		B687212E1DA8D2FC00CCB122 /* pchTests.xctest */ = {isa = PBXFileReference; explicitFileType = wrapper.cfbundle; includeInIndex = 0; path = pchTests.xctest; sourceTree = BUILT_PRODUCTS_DIR; };
		B68721321DA8D2FC00CCB122 /* pchTests.m */ = {isa = PBXFileReference; lastKnownFileType = sourcecode.c.objc; path = pchTests.m; sourceTree = "<group>"; };
		B68721341DA8D2FD00CCB122 /* Info.plist */ = {isa = PBXFileReference; lastKnownFileType = text.plist.xml; path = Info.plist; sourceTree = "<group>"; };
		B68721391DA8D2FD00CCB122 /* pchUITests.xctest */ = {isa = PBXFileReference; explicitFileType = wrapper.cfbundle; includeInIndex = 0; path = pchUITests.xctest; sourceTree = BUILT_PRODUCTS_DIR; };
		B687213D1DA8D2FD00CCB122 /* pchUITests.m */ = {isa = PBXFileReference; lastKnownFileType = sourcecode.c.objc; path = pchUITests.m; sourceTree = "<group>"; };
		B687213F1DA8D2FD00CCB122 /* Info.plist */ = {isa = PBXFileReference; lastKnownFileType = text.plist.xml; path = Info.plist; sourceTree = "<group>"; };
		B687214B1DA8D52700CCB122 /* pch.pch */ = {isa = PBXFileReference; lastKnownFileType = sourcecode.c.h; path = pch.pch; sourceTree = "<group>"; };
		B687214C1DA8DAE400CCB122 /* UIImage+image.h */ = {isa = PBXFileReference; fileEncoding = 4; lastKnownFileType = sourcecode.c.h; path = "UIImage+image.h"; sourceTree = "<group>"; };
		B687214D1DA8DAE400CCB122 /* UIImage+image.m */ = {isa = PBXFileReference; fileEncoding = 4; lastKnownFileType = sourcecode.c.objc; path = "UIImage+image.m"; sourceTree = "<group>"; };
		B687214F1DA8DFE100CCB122 /* test.c */ = {isa = PBXFileReference; fileEncoding = 4; lastKnownFileType = sourcecode.c.c; path = test.c; sourceTree = "<group>"; };
		B68721501DA8DFE100CCB122 /* test.h */ = {isa = PBXFileReference; fileEncoding = 4; lastKnownFileType = sourcecode.c.h; path = test.h; sourceTree = "<group>"; };
/* End PBXFileReference section */

/* Begin PBXFrameworksBuildPhase section */
		B68721121DA8D2FB00CCB122 /* Frameworks */ = {
			isa = PBXFrameworksBuildPhase;
			buildActionMask = 2147483647;
			files = (
			);
			runOnlyForDeploymentPostprocessing = 0;
		};
		B687212B1DA8D2FC00CCB122 /* Frameworks */ = {
			isa = PBXFrameworksBuildPhase;
			buildActionMask = 2147483647;
			files = (
			);
			runOnlyForDeploymentPostprocessing = 0;
		};
		B68721361DA8D2FD00CCB122 /* Frameworks */ = {
			isa = PBXFrameworksBuildPhase;
			buildActionMask = 2147483647;
			files = (
			);
			runOnlyForDeploymentPostprocessing = 0;
		};
/* End PBXFrameworksBuildPhase section */

/* Begin PBXGroup section */
		B687210C1DA8D2FA00CCB122 = {
			isa = PBXGroup;
			children = (
				B68721171DA8D2FB00CCB122 /* pch */,
				B68721311DA8D2FC00CCB122 /* pchTests */,
				B687213C1DA8D2FD00CCB122 /* pchUITests */,
				B68721161DA8D2FB00CCB122 /* Products */,
			);
			sourceTree = "<group>";
		};
		B68721161DA8D2FB00CCB122 /* Products */ = {
			isa = PBXGroup;
			children = (
				B68721151DA8D2FB00CCB122 /* pch.app */,
				B687212E1DA8D2FC00CCB122 /* pchTests.xctest */,
				B68721391DA8D2FD00CCB122 /* pchUITests.xctest */,
			);
			name = Products;
			sourceTree = "<group>";
		};
		B68721171DA8D2FB00CCB122 /* pch */ = {
			isa = PBXGroup;
			children = (
				B687211B1DA8D2FC00CCB122 /* AppDelegate.h */,
				B687211C1DA8D2FC00CCB122 /* AppDelegate.m */,
				B687211E1DA8D2FC00CCB122 /* ViewController.h */,
				B687211F1DA8D2FC00CCB122 /* ViewController.m */,
				B68721211DA8D2FC00CCB122 /* Main.storyboard */,
				B68721241DA8D2FC00CCB122 /* Assets.xcassets */,
				B68721261DA8D2FC00CCB122 /* LaunchScreen.storyboard */,
				B68721291DA8D2FC00CCB122 /* Info.plist */,
				B68721181DA8D2FB00CCB122 /* Supporting Files */,
				B687214B1DA8D52700CCB122 /* pch.pch */,
				B687214C1DA8DAE400CCB122 /* UIImage+image.h */,
				B687214D1DA8DAE400CCB122 /* UIImage+image.m */,
				B687214F1DA8DFE100CCB122 /* test.c */,
				B68721501DA8DFE100CCB122 /* test.h */,
			);
			path = pch;
			sourceTree = "<group>";
		};
		B68721181DA8D2FB00CCB122 /* Supporting Files */ = {
			isa = PBXGroup;
			children = (
				B68721191DA8D2FB00CCB122 /* main.m */,
			);
			name = "Supporting Files";
			sourceTree = "<group>";
		};
		B68721311DA8D2FC00CCB122 /* pchTests */ = {
			isa = PBXGroup;
			children = (
				B68721321DA8D2FC00CCB122 /* pchTests.m */,
				B68721341DA8D2FD00CCB122 /* Info.plist */,
			);
			path = pchTests;
			sourceTree = "<group>";
		};
		B687213C1DA8D2FD00CCB122 /* pchUITests */ = {
			isa = PBXGroup;
			children = (
				B687213D1DA8D2FD00CCB122 /* pchUITests.m */,
				B687213F1DA8D2FD00CCB122 /* Info.plist */,
			);
			path = pchUITests;
			sourceTree = "<group>";
		};
/* End PBXGroup section */

/* Begin PBXNativeTarget section */
		B68721141DA8D2FB00CCB122 /* pch */ = {
			isa = PBXNativeTarget;
			buildConfigurationList = B68721421DA8D2FD00CCB122 /* Build configuration list for PBXNativeTarget "pch" */;
			buildPhases = (
				B68721111DA8D2FB00CCB122 /* Sources */,
				B68721121DA8D2FB00CCB122 /* Frameworks */,
				B68721131DA8D2FB00CCB122 /* Resources */,
			);
			buildRules = (
			);
			dependencies = (
			);
			name = pch;
			productName = pch;
			productReference = B68721151DA8D2FB00CCB122 /* pch.app */;
			productType = "com.apple.product-type.application";
		};
		B687212D1DA8D2FC00CCB122 /* pchTests */ = {
			isa = PBXNativeTarget;
			buildConfigurationList = B68721451DA8D2FD00CCB122 /* Build configuration list for PBXNativeTarget "pchTests" */;
			buildPhases = (
				B687212A1DA8D2FC00CCB122 /* Sources */,
				B687212B1DA8D2FC00CCB122 /* Frameworks */,
				B687212C1DA8D2FC00CCB122 /* Resources */,
			);
			buildRules = (
			);
			dependencies = (
				B68721301DA8D2FC00CCB122 /* PBXTargetDependency */,
			);
			name = pchTests;
			productName = pchTests;
			productReference = B687212E1DA8D2FC00CCB122 /* pchTests.xctest */;
			productType = "com.apple.product-type.bundle.unit-test";
		};
		B68721381DA8D2FD00CCB122 /* pchUITests */ = {
			isa = PBXNativeTarget;
			buildConfigurationList = B68721481DA8D2FD00CCB122 /* Build configuration list for PBXNativeTarget "pchUITests" */;
			buildPhases = (
				B68721351DA8D2FD00CCB122 /* Sources */,
				B68721361DA8D2FD00CCB122 /* Frameworks */,
				B68721371DA8D2FD00CCB122 /* Resources */,
			);
			buildRules = (
			);
			dependencies = (
				B687213B1DA8D2FD00CCB122 /* PBXTargetDependency */,
			);
			name = pchUITests;
			productName = pchUITests;
			productReference = B68721391DA8D2FD00CCB122 /* pchUITests.xctest */;
			productType = "com.apple.product-type.bundle.ui-testing";
		};
/* End PBXNativeTarget section */

/* Begin PBXProject section */
		B687210D1DA8D2FA00CCB122 /* Project object */ = {
			isa = PBXProject;
			attributes = {
				LastUpgradeCheck = 0800;
				ORGANIZATIONNAME = evestorm;
				TargetAttributes = {
					B68721141DA8D2FB00CCB122 = {
						CreatedOnToolsVersion = 8.0;
						DevelopmentTeam = 45C77WAEL5;
						ProvisioningStyle = Automatic;
					};
					B687212D1DA8D2FC00CCB122 = {
						CreatedOnToolsVersion = 8.0;
						DevelopmentTeam = 45C77WAEL5;
						ProvisioningStyle = Automatic;
						TestTargetID = B68721141DA8D2FB00CCB122;
					};
					B68721381DA8D2FD00CCB122 = {
						CreatedOnToolsVersion = 8.0;
						DevelopmentTeam = 45C77WAEL5;
						ProvisioningStyle = Automatic;
						TestTargetID = B68721141DA8D2FB00CCB122;
					};
				};
			};
			buildConfigurationList = B68721101DA8D2FA00CCB122 /* Build configuration list for PBXProject "pch" */;
			compatibilityVersion = "Xcode 3.2";
			developmentRegion = English;
			hasScannedForEncodings = 0;
			knownRegions = (
				en,
				Base,
			);
			mainGroup = B687210C1DA8D2FA00CCB122;
			productRefGroup = B68721161DA8D2FB00CCB122 /* Products */;
			projectDirPath = "";
			projectRoot = "";
			targets = (
				B68721141DA8D2FB00CCB122 /* pch */,
				B687212D1DA8D2FC00CCB122 /* pchTests */,
				B68721381DA8D2FD00CCB122 /* pchUITests */,
			);
		};
/* End PBXProject section */

/* Begin PBXResourcesBuildPhase section */
		B68721131DA8D2FB00CCB122 /* Resources */ = {
			isa = PBXResourcesBuildPhase;
			buildActionMask = 2147483647;
			files = (
				B68721281DA8D2FC00CCB122 /* LaunchScreen.storyboard in Resources */,
				B68721251DA8D2FC00CCB122 /* Assets.xcassets in Resources */,
				B68721231DA8D2FC00CCB122 /* Main.storyboard in Resources */,
			);
			runOnlyForDeploymentPostprocessing = 0;
		};
		B687212C1DA8D2FC00CCB122 /* Resources */ = {
			isa = PBXResourcesBuildPhase;
			buildActionMask = 2147483647;
			files = (
			);
			runOnlyForDeploymentPostprocessing = 0;
		};
		B68721371DA8D2FD00CCB122 /* Resources */ = {
			isa = PBXResourcesBuildPhase;
			buildActionMask = 2147483647;
			files = (
			);
			runOnlyForDeploymentPostprocessing = 0;
		};
/* End PBXResourcesBuildPhase section */

/* Begin PBXSourcesBuildPhase section */
		B68721111DA8D2FB00CCB122 /* Sources */ = {
			isa = PBXSourcesBuildPhase;
			buildActionMask = 2147483647;
			files = (
				B68721511DA8DFE100CCB122 /* test.c in Sources */,
				B68721201DA8D2FC00CCB122 /* ViewController.m in Sources */,
				B687214E1DA8DAE400CCB122 /* UIImage+image.m in Sources */,
				B687211D1DA8D2FC00CCB122 /* AppDelegate.m in Sources */,
				B687211A1DA8D2FB00CCB122 /* main.m in Sources */,
			);
			runOnlyForDeploymentPostprocessing = 0;
		};
		B687212A1DA8D2FC00CCB122 /* Sources */ = {
			isa = PBXSourcesBuildPhase;
			buildActionMask = 2147483647;
			files = (
				B68721331DA8D2FC00CCB122 /* pchTests.m in Sources */,
			);
			runOnlyForDeploymentPostprocessing = 0;
		};
		B68721351DA8D2FD00CCB122 /* Sources */ = {
			isa = PBXSourcesBuildPhase;
			buildActionMask = 2147483647;
			files = (
				B687213E1DA8D2FD00CCB122 /* pchUITests.m in Sources */,
			);
			runOnlyForDeploymentPostprocessing = 0;
		};
/* End PBXSourcesBuildPhase section */

/* Begin PBXTargetDependency section */
		B68721301DA8D2FC00CCB122 /* PBXTargetDependency */ = {
			isa = PBXTargetDependency;
			target = B68721141DA8D2FB00CCB122 /* pch */;
			targetProxy = B687212F1DA8D2FC00CCB122 /* PBXContainerItemProxy */;
		};
		B687213B1DA8D2FD00CCB122 /* PBXTargetDependency */ = {
			isa = PBXTargetDependency;
			target = B68721141DA8D2FB00CCB122 /* pch */;
			targetProxy = B687213A1DA8D2FD00CCB122 /* PBXContainerItemProxy */;
		};
/* End PBXTargetDependency section */

/* Begin PBXVariantGroup section */
		B68721211DA8D2FC00CCB122 /* Main.storyboard */ = {
			isa = PBXVariantGroup;
			children = (
				B68721221DA8D2FC00CCB122 /* Base */,
			);
			name = Main.storyboard;
			sourceTree = "<group>";
		};
		B68721261DA8D2FC00CCB122 /* LaunchScreen.storyboard */ = {
			isa = PBXVariantGroup;
			children = (
				B68721271DA8D2FC00CCB122 /* Base */,
			);
			name = LaunchScreen.storyboard;
			sourceTree = "<group>";
		};
/* End PBXVariantGroup section */

/* Begin XCBuildConfiguration section */
		B68721401DA8D2FD00CCB122 /* Debug */ = {
			isa = XCBuildConfiguration;
			buildSettings = {
				ALWAYS_SEARCH_USER_PATHS = NO;
				CLANG_ANALYZER_NONNULL = YES;
				CLANG_CXX_LANGUAGE_STANDARD = "gnu++0x";
				CLANG_CXX_LIBRARY = "libc++";
				CLANG_ENABLE_MODULES = YES;
				CLANG_ENABLE_OBJC_ARC = YES;
				CLANG_WARN_BOOL_CONVERSION = YES;
				CLANG_WARN_CONSTANT_CONVERSION = YES;
				CLANG_WARN_DIRECT_OBJC_ISA_USAGE = YES_ERROR;
				CLANG_WARN_DOCUMENTATION_COMMENTS = YES;
				CLANG_WARN_EMPTY_BODY = YES;
				CLANG_WARN_ENUM_CONVERSION = YES;
				CLANG_WARN_INFINITE_RECURSION = YES;
				CLANG_WARN_INT_CONVERSION = YES;
				CLANG_WARN_OBJC_ROOT_CLASS = YES_ERROR;
				CLANG_WARN_SUSPICIOUS_MOVES = YES;
				CLANG_WARN_UNREACHABLE_CODE = YES;
				CLANG_WARN__DUPLICATE_METHOD_MATCH = YES;
				"CODE_SIGN_IDENTITY[sdk=iphoneos*]" = "iPhone Developer";
				COPY_PHASE_STRIP = NO;
				DEBUG_INFORMATION_FORMAT = dwarf;
				ENABLE_STRICT_OBJC_MSGSEND = YES;
				ENABLE_TESTABILITY = YES;
				GCC_C_LANGUAGE_STANDARD = gnu99;
				GCC_DYNAMIC_NO_PIC = NO;
				GCC_NO_COMMON_BLOCKS = YES;
				GCC_OPTIMIZATION_LEVEL = 0;
				GCC_PREPROCESSOR_DEFINITIONS = (
					"DEBUG=1",
					"$(inherited)",
				);
				GCC_WARN_64_TO_32_BIT_CONVERSION = YES;
				GCC_WARN_ABOUT_RETURN_TYPE = YES_ERROR;
				GCC_WARN_UNDECLARED_SELECTOR = YES;
				GCC_WARN_UNINITIALIZED_AUTOS = YES_AGGRESSIVE;
				GCC_WARN_UNUSED_FUNCTION = YES;
				GCC_WARN_UNUSED_VARIABLE = YES;
				IPHONEOS_DEPLOYMENT_TARGET = 10.0;
				MTL_ENABLE_DEBUG_INFO = YES;
				ONLY_ACTIVE_ARCH = YES;
				SDKROOT = iphoneos;
				TARGETED_DEVICE_FAMILY = "1,2";
			};
			name = Debug;
		};
		B68721411DA8D2FD00CCB122 /* Release */ = {
			isa = XCBuildConfiguration;
			buildSettings = {
				ALWAYS_SEARCH_USER_PATHS = NO;
				CLANG_ANALYZER_NONNULL = YES;
				CLANG_CXX_LANGUAGE_STANDARD = "gnu++0x";
				CLANG_CXX_LIBRARY = "libc++";
				CLANG_ENABLE_MODULES = YES;
				CLANG_ENABLE_OBJC_ARC = YES;
				CLANG_WARN_BOOL_CONVERSION = YES;
				CLANG_WARN_CONSTANT_CONVERSION = YES;
				CLANG_WARN_DIRECT_OBJC_ISA_USAGE = YES_ERROR;
				CLANG_WARN_DOCUMENTATION_COMMENTS = YES;
				CLANG_WARN_EMPTY_BODY = YES;
				CLANG_WARN_ENUM_CONVERSION = YES;
				CLANG_WARN_INFINITE_RECURSION = YES;
				CLANG_WARN_INT_CONVERSION = YES;
				CLANG_WARN_OBJC_ROOT_CLASS = YES_ERROR;
				CLANG_WARN_SUSPICIOUS_MOVES = YES;
				CLANG_WARN_UNREACHABLE_CODE = YES;
				CLANG_WARN__DUPLICATE_METHOD_MATCH = YES;
				"CODE_SIGN_IDENTITY[sdk=iphoneos*]" = "iPhone Developer";
				COPY_PHASE_STRIP = NO;
				DEBUG_INFORMATION_FORMAT = "dwarf-with-dsym";
				ENABLE_NS_ASSERTIONS = NO;
				ENABLE_STRICT_OBJC_MSGSEND = YES;
				GCC_C_LANGUAGE_STANDARD = gnu99;
				GCC_NO_COMMON_BLOCKS = YES;
				GCC_WARN_64_TO_32_BIT_CONVERSION = YES;
				GCC_WARN_ABOUT_RETURN_TYPE = YES_ERROR;
				GCC_WARN_UNDECLARED_SELECTOR = YES;
				GCC_WARN_UNINITIALIZED_AUTOS = YES_AGGRESSIVE;
				GCC_WARN_UNUSED_FUNCTION = YES;
				GCC_WARN_UNUSED_VARIABLE = YES;
				IPHONEOS_DEPLOYMENT_TARGET = 10.0;
				MTL_ENABLE_DEBUG_INFO = NO;
				SDKROOT = iphoneos;
				TARGETED_DEVICE_FAMILY = "1,2";
				VALIDATE_PRODUCT = YES;
			};
			name = Release;
		};
		B68721431DA8D2FD00CCB122 /* Debug */ = {
			isa = XCBuildConfiguration;
			buildSettings = {
				ASSETCATALOG_COMPILER_APPICON_NAME = AppIcon;
				DEVELOPMENT_TEAM = 45C77WAEL5;
				GCC_PRECOMPILE_PREFIX_HEADER = YES;
				GCC_PREFIX_HEADER = pch/pch.pch;
				INFOPLIST_FILE = pch/Info.plist;
				LD_RUNPATH_SEARCH_PATHS = "$(inherited) @executable_path/Frameworks";
				PRODUCT_BUNDLE_IDENTIFIER = www.eve.com.pch;
				PRODUCT_NAME = "$(TARGET_NAME)";
			};
			name = Debug;
		};
		B68721441DA8D2FD00CCB122 /* Release */ = {
			isa = XCBuildConfiguration;
			buildSettings = {
				ASSETCATALOG_COMPILER_APPICON_NAME = AppIcon;
				DEVELOPMENT_TEAM = 45C77WAEL5;
				GCC_PRECOMPILE_PREFIX_HEADER = YES;
				GCC_PREFIX_HEADER = pch/pch.pch;
				INFOPLIST_FILE = pch/Info.plist;
				LD_RUNPATH_SEARCH_PATHS = "$(inherited) @executable_path/Frameworks";
				PRODUCT_BUNDLE_IDENTIFIER = www.eve.com.pch;
				PRODUCT_NAME = "$(TARGET_NAME)";
			};
			name = Release;
		};
		B68721461DA8D2FD00CCB122 /* Debug */ = {
			isa = XCBuildConfiguration;
			buildSettings = {
				BUNDLE_LOADER = "$(TEST_HOST)";
				DEVELOPMENT_TEAM = 45C77WAEL5;
				INFOPLIST_FILE = pchTests/Info.plist;
				LD_RUNPATH_SEARCH_PATHS = "$(inherited) @executable_path/Frameworks @loader_path/Frameworks";
				PRODUCT_BUNDLE_IDENTIFIER = www.eve.com.pchTests;
				PRODUCT_NAME = "$(TARGET_NAME)";
				TEST_HOST = "$(BUILT_PRODUCTS_DIR)/pch.app/pch";
			};
			name = Debug;
		};
		B68721471DA8D2FD00CCB122 /* Release */ = {
			isa = XCBuildConfiguration;
			buildSettings = {
				BUNDLE_LOADER = "$(TEST_HOST)";
				DEVELOPMENT_TEAM = 45C77WAEL5;
				INFOPLIST_FILE = pchTests/Info.plist;
				LD_RUNPATH_SEARCH_PATHS = "$(inherited) @executable_path/Frameworks @loader_path/Frameworks";
				PRODUCT_BUNDLE_IDENTIFIER = www.eve.com.pchTests;
				PRODUCT_NAME = "$(TARGET_NAME)";
				TEST_HOST = "$(BUILT_PRODUCTS_DIR)/pch.app/pch";
			};
			name = Release;
		};
		B68721491DA8D2FD00CCB122 /* Debug */ = {
			isa = XCBuildConfiguration;
			buildSettings = {
				DEVELOPMENT_TEAM = 45C77WAEL5;
				INFOPLIST_FILE = pchUITests/Info.plist;
				LD_RUNPATH_SEARCH_PATHS = "$(inherited) @executable_path/Frameworks @loader_path/Frameworks";
				PRODUCT_BUNDLE_IDENTIFIER = www.eve.com.pchUITests;
				PRODUCT_NAME = "$(TARGET_NAME)";
				TEST_TARGET_NAME = pch;
			};
			name = Debug;
		};
		B687214A1DA8D2FD00CCB122 /* Release */ = {
			isa = XCBuildConfiguration;
			buildSettings = {
				DEVELOPMENT_TEAM = 45C77WAEL5;
				INFOPLIST_FILE = pchUITests/Info.plist;
				LD_RUNPATH_SEARCH_PATHS = "$(inherited) @executable_path/Frameworks @loader_path/Frameworks";
				PRODUCT_BUNDLE_IDENTIFIER = www.eve.com.pchUITests;
				PRODUCT_NAME = "$(TARGET_NAME)";
				TEST_TARGET_NAME = pch;
			};
			name = Release;
		};
/* End XCBuildConfiguration section */

/* Begin XCConfigurationList section */
		B68721101DA8D2FA00CCB122 /* Build configuration list for PBXProject "pch" */ = {
			isa = XCConfigurationList;
			buildConfigurations = (
				B68721401DA8D2FD00CCB122 /* Debug */,
				B68721411DA8D2FD00CCB122 /* Release */,
			);
			defaultConfigurationIsVisible = 0;
			defaultConfigurationName = Release;
		};
		B68721421DA8D2FD00CCB122 /* Build configuration list for PBXNativeTarget "pch" */ = {
			isa = XCConfigurationList;
			buildConfigurations = (
				B68721431DA8D2FD00CCB122 /* Debug */,
				B68721441DA8D2FD00CCB122 /* Release */,
			);
			defaultConfigurationIsVisible = 0;
		};
		B68721451DA8D2FD00CCB122 /* Build configuration list for PBXNativeTarget "pchTests" */ = {
			isa = XCConfigurationList;
			buildConfigurations = (
				B68721461DA8D2FD00CCB122 /* Debug */,
				B68721471DA8D2FD00CCB122 /* Release */,
			);
			defaultConfigurationIsVisible = 0;
		};
		B68721481DA8D2FD00CCB122 /* Build configuration list for PBXNativeTarget "pchUITests" */ = {
			isa = XCConfigurationList;
			buildConfigurations = (
				B68721491DA8D2FD00CCB122 /* Debug */,
				B687214A1DA8D2FD00CCB122 /* Release */,
			);
			defaultConfigurationIsVisible = 0;
		};
/* End XCConfigurationList section */
	};
	rootObject = B687210D1DA8D2FA00CCB122 /* Project object */;
}
